
Microsoft Visual Studio Solution File, Format Version 12.00
# Visual Studio Version 18
VisualStudioVersion = 18.3.11505.172 d18.3
MinimumVisualStudioVersion = 10.0.40219.1
Project("{FAE04EC0-301F-11D3-BF4B-00C04F79EFBC}") = "Tablazor", "Tablazor\Tablazor.csproj", "{B9D7F24F-781E-47BF-A92E-5411EF4498ED}"
EndProject
Project("{FAE04EC0-301F-11D3-BF4B-00C04F79EFBC}") = "Tablazor.DemoSite", "Tablazor.DemoSite\Tablazor.DemoSite.csproj", "{CCDDB5A6-4975-4CD6-B4C5-C67FB398C371}"
EndProject
Project("{2150E333-8FDC-42A3-9474-1A3956D46DE8}") = "Solution Items", "Solution Items", "{0912C156-A2E9-4432-827F-0B6EBFB9A70A}"
	ProjectSection(SolutionItems) = preProject
		.editorconfig = .editorconfig
	EndProjectSection
EndProject
Project("{FAE04EC0-301F-11D3-BF4B-00C04F79EFBC}") = "Tablazor.Template", "..\templates\Tablazor.Template\Tablazor.Template.csproj", "{52B24C35-F2C0-4045-954C-2A34E55DC92C}"
EndProject
Global
	GlobalSection(SolutionConfigurationPlatforms) = preSolution
		Debug|Any CPU = Debug|Any CPU
		Release|Any CPU = Release|Any CPU
	EndGlobalSection
	GlobalSection(ProjectConfigurationPlatforms) = postSolution
		{B9D7F24F-781E-47BF-A92E-5411EF4498ED}.Debug|Any CPU.ActiveCfg = Debug|Any CPU
		{B9D7F24F-781E-47BF-A92E-5411EF4498ED}.Debug|Any CPU.Build.0 = Debug|Any CPU
		{B9D7F24F-781E-47BF-A92E-5411EF4498ED}.Release|Any CPU.ActiveCfg = Release|Any CPU
		{B9D7F24F-781E-47BF-A92E-5411EF4498ED}.Release|Any CPU.Build.0 = Release|Any CPU
		{CCDDB5A6-4975-4CD6-B4C5-C67FB398C371}.Debug|Any CPU.ActiveCfg = Debug|Any CPU
		{CCDDB5A6-4975-4CD6-B4C5-C67FB398C371}.Debug|Any CPU.Build.0 = Debug|Any CPU
		{CCDDB5A6-4975-4CD6-B4C5-C67FB398C371}.Release|Any CPU.ActiveCfg = Release|Any CPU
		{CCDDB5A6-4975-4CD6-B4C5-C67FB398C371}.Release|Any CPU.Build.0 = Release|Any CPU
		{52B24C35-F2C0-4045-954C-2A34E55DC92C}.Debug|Any CPU.ActiveCfg = Debug|Any CPU
		{52B24C35-F2C0-4045-954C-2A34E55DC92C}.Debug|Any CPU.Build.0 = Debug|Any CPU
		{52B24C35-F2C0-4045-954C-2A34E55DC92C}.Release|Any CPU.ActiveCfg = Release|Any CPU
		{52B24C35-F2C0-4045-954C-2A34E55DC92C}.Release|Any CPU.Build.0 = Release|Any CPU
	EndGlobalSection
	GlobalSection(SolutionProperties) = preSolution
		HideSolutionNode = FALSE
	EndGlobalSection
	GlobalSection(NestedProjects) = preSolution
	EndGlobalSection
	GlobalSection(ExtensibilityGlobals) = postSolution
		SolutionGuid = {99330F9B-1303-4040-B900-791A929BE90A}
	EndGlobalSection
EndGlobal
